
Microsoft Visual Studio Solution File, Format Version 12.00
# Visual Studio 14
VisualStudioVersion = 14.0.24720.0
MinimumVisualStudioVersion = 10.0.40219.1
Project("{FAE04EC0-301F-11D3-BF4B-00C04F79EFBC}") = "DnD Dice GUI", "DnD Dice GUI.csproj", "{1BE739AB-688D-4D43-8B8C-878065432F4D}"
EndProject
Global
	GlobalSection(SolutionConfigurationPlatforms) = preSolution
		Debug|Any CPU = Debug|Any CPU
		Release|Any CPU = Release|Any CPU
	EndGlobalSection
	GlobalSection(ProjectConfigurationPlatforms) = postSolution
		{1BE739AB-688D-4D43-8B8C-878065432F4D}.Debug|Any CPU.ActiveCfg = Debug|Any CPU
		{1BE739AB-688D-4D43-8B8C-878065432F4D}.Debug|Any CPU.Build.0 = Debug|Any CPU
		{1BE739AB-688D-4D43-8B8C-878065432F4D}.Release|Any CPU.ActiveCfg = Release|Any CPU
		{1BE739AB-688D-4D43-8B8C-878065432F4D}.Release|Any CPU.Build.0 = Release|Any CPU
	EndGlobalSection
	GlobalSection(SolutionProperties) = preSolution
		HideSolutionNode = FALSE
	EndGlobalSection
EndGlobal
